# @generated by Move, please check-in and do not edit manually.

[move]
version = 3
manifest_digest = "CD04B0AFFBEA9E38D757D76D077FCB8D9F7E69A99F98F542A4F6D5DBBB6B84A0"
deps_digest = "E3B0C44298FC1C149AFBF4C8996FB92427AE41E4649B934CA495991B7852B855"

[[move.package]]
id = "MoveStdlib"
source = { local = "../move-stdlib" }
