# @generated by Move, please check-in and do not edit manually.

[move]
version = 3
manifest_digest = "05062993DFF0CEB4183CF4B07640698C2BFD8B7B66CEAE02DE3B49334C09F07F"
deps_digest = "E3B0C44298FC1C149AFBF4C8996FB92427AE41E4649B934CA495991B7852B855"

dependencies = [
  { id = "DeepBook", name = "DeepBook" },
  { id = "MoveStdlib", name = "MoveStdlib" },
  { id = "Sui", name = "Sui" },
  { id = "SuiProver", name = "SuiProver" },
  # {  id = "SuiSystem", name = "SuiSystem" },
]

[[move.package]]
id = "DeepBook"
source = { git = "https://github.com/asymptotic-code/sui.git", rev = "next", subdir = "crates/sui-framework/packages/deepbook" }

dependencies = [
  { id = "MoveStdlib", name = "MoveStdlib" },
  { id = "Sui", name = "Sui" },
]

[[move.package]]
id = "MoveStdlib"
source = { git = "https://github.com/asymptotic-code/sui.git", rev = "next", subdir = "crates/sui-framework/packages/move-stdlib" }

[[move.package]]
id = "Prover"
source = { git = "https://github.com/asymptotic-code/sui-prover.git", rev = "main", subdir = "packages/prover" }

dependencies = [
  { id = "MoveStdlib", name = "MoveStdlib" },
]

[[move.package]]
id = "Sui"
source = { git = "https://github.com/asymptotic-code/sui.git", rev = "next", subdir = "crates/sui-framework/packages/sui-framework" }

dependencies = [
  { id = "MoveStdlib", name = "MoveStdlib" },
]

[[move.package]]
id = "SuiProver"
source = { git = "https://github.com/asymptotic-code/sui-prover.git", rev = "main", subdir = "packages/sui-prover" }

dependencies = [
  { id = "SuiSpecs", name = "SuiSpecs" },
]

[[move.package]]
id = "SuiSpecs"
source = { git = "https://github.com/asymptotic-code/sui-prover.git", rev = "main", subdir = "packages/sui-framework-specs" }

dependencies = [
  { id = "Prover", name = "Prover" },
  { id = "Sui", name = "Sui" },
]

# [[move.package]]
# id = "SuiSystem"
# source = { git = "https://github.com/asymptotic-code/sui.git", rev = "next", subdir = "crates/sui-framework/packages/sui-system" }

# dependencies = [
#  { id = "MoveStdlib", name = "MoveStdlib" },
#  { id = "Sui", name = "Sui" },
#]


[move.toolchain-version]
compiler-version = "1.22.0"
edition = "legacy"
flavor = "sui"
